
Microsoft Visual Studio Solution File, Format Version 12.00
# Visual Studio 15
VisualStudioVersion = 15.0.28307.271
MinimumVisualStudioVersion = 10.0.40219.1
Project("{9A19103F-16F7-4668-BE54-9A1E7A4F7556}") = "ReactiveXComponent", "ReactiveXComponent\ReactiveXComponent.csproj", "{C5DC5337-3E5B-4038-87A3-B57272226659}"
EndProject
Project("{9A19103F-16F7-4668-BE54-9A1E7A4F7556}") = "ReactiveXComponentTest", "ReactiveXComponentTest\ReactiveXComponentTest.csproj", "{C06144BE-083F-49D3-B938-8A1B926FAC1C}"
EndProject
Global
	GlobalSection(SolutionConfigurationPlatforms) = preSolution
		Debug|Any CPU = Debug|Any CPU
		Release|Any CPU = Release|Any CPU
	EndGlobalSection
	GlobalSection(ProjectConfigurationPlatforms) = postSolution
		{C5DC5337-3E5B-4038-87A3-B57272226659}.Debug|Any CPU.ActiveCfg = Debug|Any CPU
		{C5DC5337-3E5B-4038-87A3-B57272226659}.Debug|Any CPU.Build.0 = Debug|Any CPU
		{C5DC5337-3E5B-4038-87A3-B57272226659}.Release|Any CPU.ActiveCfg = Release|Any CPU
		{C5DC5337-3E5B-4038-87A3-B57272226659}.Release|Any CPU.Build.0 = Release|Any CPU
		{C06144BE-083F-49D3-B938-8A1B926FAC1C}.Debug|Any CPU.ActiveCfg = Debug|Any CPU
		{C06144BE-083F-49D3-B938-8A1B926FAC1C}.Debug|Any CPU.Build.0 = Debug|Any CPU
		{C06144BE-083F-49D3-B938-8A1B926FAC1C}.Release|Any CPU.ActiveCfg = Release|Any CPU
		{C06144BE-083F-49D3-B938-8A1B926FAC1C}.Release|Any CPU.Build.0 = Release|Any CPU
	EndGlobalSection
	GlobalSection(SolutionProperties) = preSolution
		HideSolutionNode = FALSE
	EndGlobalSection
	GlobalSection(ExtensibilityGlobals) = postSolution
		SolutionGuid = {500A4AB4-3A2D-435D-A646-CC7BDCC7DBF5}
	EndGlobalSection
EndGlobal
