Microsoft Visual Studio Solution File, Format Version 12.00
# Visual Studio 15
VisualStudioVersion = 15.0.27703.2042
MinimumVisualStudioVersion = 10.0.40219.1
Project("{FAE04EC0-301F-11D3-BF4B-00C04F79EFBC}") = "XComponent.HelloWorld.UserObject", "UserObject\XComponent.HelloWorld.UserObject.csproj", "{DA246311-853B-4193-8E98-384FFE004004}"
EndProject
Project("{FAE04EC0-301F-11D3-BF4B-00C04F79EFBC}") = "XComponent.HelloWorld.TriggeredMethod", "TriggeredMethod\XComponent.HelloWorld.TriggeredMethod.csproj", "{823B1E47-C786-4C9F-A075-F4DB4D7380D3}"
EndProject
Project("{FAE04EC0-301F-11D3-BF4B-00C04F79EFBC}") = "XComponent.HelloWorld.Common", "Common\XComponent.HelloWorld.Common.csproj", "{BE692B62-C3EF-410D-9521-7739F2347E1C}"
EndProject
Project("{FAE04EC0-301F-11D3-BF4B-00C04F79EFBC}") = "XComponent.HelloWorld.StateMachine", "StateMachine\XComponent.HelloWorld.StateMachine.csproj", "{9B170B5E-48E5-45A9-803F-CCAE413C0DC3}"
EndProject
Global
	GlobalSection(SolutionConfigurationPlatforms) = preSolution
		Debug|Any CPU = Debug|Any CPU
		Release|Any CPU = Release|Any CPU
	EndGlobalSection
	GlobalSection(ProjectConfigurationPlatforms) = postSolution
		{DA246311-853B-4193-8E98-384FFE004004}.Debug|Any CPU.ActiveCfg = Debug|Any CPU
		{DA246311-853B-4193-8E98-384FFE004004}.Debug|Any CPU.Build.0 = Debug|Any CPU
		{DA246311-853B-4193-8E98-384FFE004004}.Release|Any CPU.ActiveCfg = Release|Any CPU
		{DA246311-853B-4193-8E98-384FFE004004}.Release|Any CPU.Build.0 = Release|Any CPU
		{823B1E47-C786-4C9F-A075-F4DB4D7380D3}.Debug|Any CPU.ActiveCfg = Debug|Any CPU
		{823B1E47-C786-4C9F-A075-F4DB4D7380D3}.Debug|Any CPU.Build.0 = Debug|Any CPU
		{823B1E47-C786-4C9F-A075-F4DB4D7380D3}.Release|Any CPU.ActiveCfg = Release|Any CPU
		{823B1E47-C786-4C9F-A075-F4DB4D7380D3}.Release|Any CPU.Build.0 = Release|Any CPU
		{BE692B62-C3EF-410D-9521-7739F2347E1C}.Debug|Any CPU.ActiveCfg = Debug|Any CPU
		{BE692B62-C3EF-410D-9521-7739F2347E1C}.Debug|Any CPU.Build.0 = Debug|Any CPU
		{BE692B62-C3EF-410D-9521-7739F2347E1C}.Release|Any CPU.ActiveCfg = Release|Any CPU
		{BE692B62-C3EF-410D-9521-7739F2347E1C}.Release|Any CPU.Build.0 = Release|Any CPU
		{9B170B5E-48E5-45A9-803F-CCAE413C0DC3}.Debug|Any CPU.ActiveCfg = Debug|Any CPU
		{9B170B5E-48E5-45A9-803F-CCAE413C0DC3}.Debug|Any CPU.Build.0 = Debug|Any CPU
		{9B170B5E-48E5-45A9-803F-CCAE413C0DC3}.Release|Any CPU.ActiveCfg = Release|Any CPU
		{9B170B5E-48E5-45A9-803F-CCAE413C0DC3}.Release|Any CPU.Build.0 = Release|Any CPU
	EndGlobalSection
	GlobalSection(SolutionProperties) = preSolution
		HideSolutionNode = FALSE
	EndGlobalSection
	GlobalSection(ExtensibilityGlobals) = postSolution
		SolutionGuid = {523EB31E-CC68-4A89-B586-41059EA02E1C}
	EndGlobalSection
EndGlobal
