
Microsoft Visual Studio Solution File, Format Version 12.00
# Visual Studio 14
VisualStudioVersion = 14.0.25123.0
MinimumVisualStudioVersion = 10.0.40219.1
Project("{FAE04EC0-301F-11D3-BF4B-00C04F79EFBC}") = "TestLoginApp", "TestLoginApp\TestLoginApp.csproj", "{4CB3FB07-7CF1-49CC-82A0-A13FE35DD3E1}"
EndProject
Global
	GlobalSection(SolutionConfigurationPlatforms) = preSolution
		Ad-Hoc|iPhone = Ad-Hoc|iPhone
		Ad-Hoc|iPhoneSimulator = Ad-Hoc|iPhoneSimulator
		AppStore|iPhone = AppStore|iPhone
		AppStore|iPhoneSimulator = AppStore|iPhoneSimulator
		Debug|iPhone = Debug|iPhone
		Debug|iPhoneSimulator = Debug|iPhoneSimulator
		Release|iPhone = Release|iPhone
		Release|iPhoneSimulator = Release|iPhoneSimulator
	EndGlobalSection
	GlobalSection(ProjectConfigurationPlatforms) = postSolution
		{4CB3FB07-7CF1-49CC-82A0-A13FE35DD3E1}.Ad-Hoc|iPhone.ActiveCfg = Ad-Hoc|iPhone
		{4CB3FB07-7CF1-49CC-82A0-A13FE35DD3E1}.Ad-Hoc|iPhone.Build.0 = Ad-Hoc|iPhone
		{4CB3FB07-7CF1-49CC-82A0-A13FE35DD3E1}.Ad-Hoc|iPhoneSimulator.ActiveCfg = Ad-Hoc|iPhoneSimulator
		{4CB3FB07-7CF1-49CC-82A0-A13FE35DD3E1}.Ad-Hoc|iPhoneSimulator.Build.0 = Ad-Hoc|iPhoneSimulator
		{4CB3FB07-7CF1-49CC-82A0-A13FE35DD3E1}.AppStore|iPhone.ActiveCfg = AppStore|iPhone
		{4CB3FB07-7CF1-49CC-82A0-A13FE35DD3E1}.AppStore|iPhone.Build.0 = AppStore|iPhone
		{4CB3FB07-7CF1-49CC-82A0-A13FE35DD3E1}.AppStore|iPhoneSimulator.ActiveCfg = AppStore|iPhoneSimulator
		{4CB3FB07-7CF1-49CC-82A0-A13FE35DD3E1}.AppStore|iPhoneSimulator.Build.0 = AppStore|iPhoneSimulator
		{4CB3FB07-7CF1-49CC-82A0-A13FE35DD3E1}.Debug|iPhone.ActiveCfg = Debug|iPhone
		{4CB3FB07-7CF1-49CC-82A0-A13FE35DD3E1}.Debug|iPhone.Build.0 = Debug|iPhone
		{4CB3FB07-7CF1-49CC-82A0-A13FE35DD3E1}.Debug|iPhoneSimulator.ActiveCfg = Debug|iPhoneSimulator
		{4CB3FB07-7CF1-49CC-82A0-A13FE35DD3E1}.Debug|iPhoneSimulator.Build.0 = Debug|iPhoneSimulator
		{4CB3FB07-7CF1-49CC-82A0-A13FE35DD3E1}.Release|iPhone.ActiveCfg = Release|iPhone
		{4CB3FB07-7CF1-49CC-82A0-A13FE35DD3E1}.Release|iPhone.Build.0 = Release|iPhone
		{4CB3FB07-7CF1-49CC-82A0-A13FE35DD3E1}.Release|iPhoneSimulator.ActiveCfg = Release|iPhoneSimulator
		{4CB3FB07-7CF1-49CC-82A0-A13FE35DD3E1}.Release|iPhoneSimulator.Build.0 = Release|iPhoneSimulator
	EndGlobalSection
	GlobalSection(SolutionProperties) = preSolution
		HideSolutionNode = FALSE
	EndGlobalSection
EndGlobal
